
Microsoft Visual Studio Solution File, Format Version 12.00
# Visual Studio 15
VisualStudioVersion = 15.0.26228.9
MinimumVisualStudioVersion = 10.0.40219.1
Project("{2150E333-8FDC-42A3-9474-1A3956D46DE8}") = "AbpProject", "AbpProject", "{D8D50500-9364-4D96-83F3-6F9BD0F349A0}"
EndProject
Project("{2150E333-8FDC-42A3-9474-1A3956D46DE8}") = "Web", "Web", "{C3884A6C-C24A-4FA0-AEC4-D08C0342B845}"
EndProject
Project("{9A19103F-16F7-4668-BE54-9A1E7A4F7556}") = "Abp", "AbpProject\Abp\Abp.csproj", "{E1B2F920-227A-4F6D-938F-C5289601EC3E}"
EndProject
Project("{9A19103F-16F7-4668-BE54-9A1E7A4F7556}") = "Abp.AspNetCore", "AbpProject\Abp.AspNetCore\Abp.AspNetCore.csproj", "{1A587AF9-883C-46DB-9AA5-5E86DDC012B7}"
EndProject
Project("{9A19103F-16F7-4668-BE54-9A1E7A4F7556}") = "Abp.AutoMapper", "AbpProject\Abp.AutoMapper\Abp.AutoMapper.csproj", "{DEC89590-555B-40F3-B28B-2232B20E5B54}"
EndProject
Project("{9A19103F-16F7-4668-BE54-9A1E7A4F7556}") = "Abp.Castle.Log4Net", "AbpProject\Abp.Castle.Log4Net\Abp.Castle.Log4Net.csproj", "{26055711-4B48-4EDE-93C1-689539C0E3AE}"
EndProject
Project("{9A19103F-16F7-4668-BE54-9A1E7A4F7556}") = "Abp.EntityFramework.Common", "AbpProject\Abp.EntityFramework.Common\Abp.EntityFramework.Common.csproj", "{B39958A3-98B5-404F-9534-A652B9BF5439}"
EndProject
Project("{9A19103F-16F7-4668-BE54-9A1E7A4F7556}") = "Abp.FluentValidation", "AbpProject\Abp.FluentValidation\Abp.FluentValidation.csproj", "{6261B423-F6C6-40A2-BE73-83759BD23019}"
EndProject
Project("{9A19103F-16F7-4668-BE54-9A1E7A4F7556}") = "Abp.RedisCache", "AbpProject\Abp.RedisCache\Abp.RedisCache.csproj", "{3A4CD418-86B5-40E6-9DCD-A3B889DD7BA3}"
EndProject
Project("{9A19103F-16F7-4668-BE54-9A1E7A4F7556}") = "Abp.ZeroCore", "AbpProject\Abp.ZeroCore\Abp.ZeroCore.csproj", "{37A989FF-58AB-4BA8-BB92-5EF118C1BB8D}"
EndProject
Project("{9A19103F-16F7-4668-BE54-9A1E7A4F7556}") = "Abp.ZeroCore.EntityFrameworkCore", "AbpProject\Abp.ZeroCore.EntityFrameworkCore\Abp.ZeroCore.EntityFrameworkCore.csproj", "{BD5F9210-FE1C-4D1E-8423-4A034D99A6E1}"
EndProject
Project("{9A19103F-16F7-4668-BE54-9A1E7A4F7556}") = "Abp.ZeroCore.IdentityServer4.EntityFrameworkCore", "AbpProject\Abp.ZeroCore.IdentityServer4.EntityFrameworkCore\Abp.ZeroCore.IdentityServer4.EntityFrameworkCore.csproj", "{40807BFF-92F3-4BFA-828C-8FB6B4B3B153}"
EndProject
Project("{9A19103F-16F7-4668-BE54-9A1E7A4F7556}") = "Abp.Web.Common", "AbpProject\Abp.Web.Common\Abp.Web.Common.csproj", "{BAAE8857-E246-4FD8-99F7-70E5815FB952}"
EndProject
Project("{9A19103F-16F7-4668-BE54-9A1E7A4F7556}") = "Abp.Zero.Common", "AbpProject\Abp.Zero.Common\Abp.Zero.Common.csproj", "{5CEDF491-3EC6-4E65-9484-DD034D7BC9DC}"
EndProject
Project("{9A19103F-16F7-4668-BE54-9A1E7A4F7556}") = "Abp.EntityFrameworkCore", "AbpProject\Abp.EntityFrameworkCore\Abp.EntityFrameworkCore.csproj", "{6AD21243-7E10-40BA-B1FC-1847182DBF0D}"
EndProject
Project("{9A19103F-16F7-4668-BE54-9A1E7A4F7556}") = "Abp.ZeroCore.IdentityServer4", "AbpProject\Abp.ZeroCore.IdentityServer4\Abp.ZeroCore.IdentityServer4.csproj", "{62A0A166-1B65-4699-8EE4-8B3ABF55CE06}"
EndProject
Project("{9A19103F-16F7-4668-BE54-9A1E7A4F7556}") = "ICIMS.Application", "Web\ICIMS.Application\ICIMS.Application.csproj", "{F165640A-7E29-498E-9727-2E7192CA68E0}"
EndProject
Project("{9A19103F-16F7-4668-BE54-9A1E7A4F7556}") = "ICIMS.Core", "Web\ICIMS.Core\ICIMS.Core.csproj", "{5A5D6955-FA39-425A-949D-6F2447CA626A}"
EndProject
Project("{9A19103F-16F7-4668-BE54-9A1E7A4F7556}") = "ICIMS.EntityFrameworkCore", "Web\ICIMS.EntityFrameworkCore\ICIMS.EntityFrameworkCore.csproj", "{9AE4A70F-6B21-4268-AAE3-FE50183BA968}"
EndProject
Project("{9A19103F-16F7-4668-BE54-9A1E7A4F7556}") = "ICIMS.Migrator", "Web\ICIMS.Migrator\ICIMS.Migrator.csproj", "{1EE92CF2-D8CF-434B-BDA0-55BFB00BD338}"
EndProject
Project("{9A19103F-16F7-4668-BE54-9A1E7A4F7556}") = "ICIMS.Web.Core", "Web\ICIMS.Web.Core\ICIMS.Web.Core.csproj", "{0F6DFAC2-0655-475F-9CB4-9EAFAD6979A8}"
EndProject
Project("{9A19103F-16F7-4668-BE54-9A1E7A4F7556}") = "ICIMS.Web.Host", "Web\ICIMS.Web.Host\ICIMS.Web.Host.csproj", "{B88C9330-3510-4F64-BB1F-A7E91AB170E4}"
EndProject
Project("{9A19103F-16F7-4668-BE54-9A1E7A4F7556}") = "Abp.AspNetCore.SignalR", "AbpProject\Abp.AspNetCore.SignalR\Abp.AspNetCore.SignalR.csproj", "{A5C1F190-147A-4601-879B-88BAA2208B33}"
EndProject
Project("{9A19103F-16F7-4668-BE54-9A1E7A4F7556}") = "ICIMS.Web.Mvc", "Web\ICIMS.Web.Mvc\ICIMS.Web.Mvc.csproj", "{DF4F7F05-91F1-4655-880C-CE531C5401F3}"
EndProject
Global
	GlobalSection(SolutionConfigurationPlatforms) = preSolution
		Debug|Any CPU = Debug|Any CPU
		Release|Any CPU = Release|Any CPU
	EndGlobalSection
	GlobalSection(ProjectConfigurationPlatforms) = postSolution
		{E1B2F920-227A-4F6D-938F-C5289601EC3E}.Debug|Any CPU.ActiveCfg = Debug|Any CPU
		{E1B2F920-227A-4F6D-938F-C5289601EC3E}.Debug|Any CPU.Build.0 = Debug|Any CPU
		{E1B2F920-227A-4F6D-938F-C5289601EC3E}.Release|Any CPU.ActiveCfg = Release|Any CPU
		{E1B2F920-227A-4F6D-938F-C5289601EC3E}.Release|Any CPU.Build.0 = Release|Any CPU
		{1A587AF9-883C-46DB-9AA5-5E86DDC012B7}.Debug|Any CPU.ActiveCfg = Debug|Any CPU
		{1A587AF9-883C-46DB-9AA5-5E86DDC012B7}.Debug|Any CPU.Build.0 = Debug|Any CPU
		{1A587AF9-883C-46DB-9AA5-5E86DDC012B7}.Release|Any CPU.ActiveCfg = Release|Any CPU
		{1A587AF9-883C-46DB-9AA5-5E86DDC012B7}.Release|Any CPU.Build.0 = Release|Any CPU
		{DEC89590-555B-40F3-B28B-2232B20E5B54}.Debug|Any CPU.ActiveCfg = Debug|Any CPU
		{DEC89590-555B-40F3-B28B-2232B20E5B54}.Debug|Any CPU.Build.0 = Debug|Any CPU
		{DEC89590-555B-40F3-B28B-2232B20E5B54}.Release|Any CPU.ActiveCfg = Release|Any CPU
		{DEC89590-555B-40F3-B28B-2232B20E5B54}.Release|Any CPU.Build.0 = Release|Any CPU
		{26055711-4B48-4EDE-93C1-689539C0E3AE}.Debug|Any CPU.ActiveCfg = Debug|Any CPU
		{26055711-4B48-4EDE-93C1-689539C0E3AE}.Debug|Any CPU.Build.0 = Debug|Any CPU
		{26055711-4B48-4EDE-93C1-689539C0E3AE}.Release|Any CPU.ActiveCfg = Release|Any CPU
		{26055711-4B48-4EDE-93C1-689539C0E3AE}.Release|Any CPU.Build.0 = Release|Any CPU
		{B39958A3-98B5-404F-9534-A652B9BF5439}.Debug|Any CPU.ActiveCfg = Debug|Any CPU
		{B39958A3-98B5-404F-9534-A652B9BF5439}.Debug|Any CPU.Build.0 = Debug|Any CPU
		{B39958A3-98B5-404F-9534-A652B9BF5439}.Release|Any CPU.ActiveCfg = Release|Any CPU
		{B39958A3-98B5-404F-9534-A652B9BF5439}.Release|Any CPU.Build.0 = Release|Any CPU
		{6261B423-F6C6-40A2-BE73-83759BD23019}.Debug|Any CPU.ActiveCfg = Debug|Any CPU
		{6261B423-F6C6-40A2-BE73-83759BD23019}.Debug|Any CPU.Build.0 = Debug|Any CPU
		{6261B423-F6C6-40A2-BE73-83759BD23019}.Release|Any CPU.ActiveCfg = Release|Any CPU
		{6261B423-F6C6-40A2-BE73-83759BD23019}.Release|Any CPU.Build.0 = Release|Any CPU
		{3A4CD418-86B5-40E6-9DCD-A3B889DD7BA3}.Debug|Any CPU.ActiveCfg = Debug|Any CPU
		{3A4CD418-86B5-40E6-9DCD-A3B889DD7BA3}.Debug|Any CPU.Build.0 = Debug|Any CPU
		{3A4CD418-86B5-40E6-9DCD-A3B889DD7BA3}.Release|Any CPU.ActiveCfg = Release|Any CPU
		{3A4CD418-86B5-40E6-9DCD-A3B889DD7BA3}.Release|Any CPU.Build.0 = Release|Any CPU
		{37A989FF-58AB-4BA8-BB92-5EF118C1BB8D}.Debug|Any CPU.ActiveCfg = Debug|Any CPU
		{37A989FF-58AB-4BA8-BB92-5EF118C1BB8D}.Debug|Any CPU.Build.0 = Debug|Any CPU
		{37A989FF-58AB-4BA8-BB92-5EF118C1BB8D}.Release|Any CPU.ActiveCfg = Release|Any CPU
		{37A989FF-58AB-4BA8-BB92-5EF118C1BB8D}.Release|Any CPU.Build.0 = Release|Any CPU
		{BD5F9210-FE1C-4D1E-8423-4A034D99A6E1}.Debug|Any CPU.ActiveCfg = Debug|Any CPU
		{BD5F9210-FE1C-4D1E-8423-4A034D99A6E1}.Debug|Any CPU.Build.0 = Debug|Any CPU
		{BD5F9210-FE1C-4D1E-8423-4A034D99A6E1}.Release|Any CPU.ActiveCfg = Release|Any CPU
		{BD5F9210-FE1C-4D1E-8423-4A034D99A6E1}.Release|Any CPU.Build.0 = Release|Any CPU
		{40807BFF-92F3-4BFA-828C-8FB6B4B3B153}.Debug|Any CPU.ActiveCfg = Debug|Any CPU
		{40807BFF-92F3-4BFA-828C-8FB6B4B3B153}.Debug|Any CPU.Build.0 = Debug|Any CPU
		{40807BFF-92F3-4BFA-828C-8FB6B4B3B153}.Release|Any CPU.ActiveCfg = Release|Any CPU
		{40807BFF-92F3-4BFA-828C-8FB6B4B3B153}.Release|Any CPU.Build.0 = Release|Any CPU
		{BAAE8857-E246-4FD8-99F7-70E5815FB952}.Debug|Any CPU.ActiveCfg = Debug|Any CPU
		{BAAE8857-E246-4FD8-99F7-70E5815FB952}.Debug|Any CPU.Build.0 = Debug|Any CPU
		{BAAE8857-E246-4FD8-99F7-70E5815FB952}.Release|Any CPU.ActiveCfg = Release|Any CPU
		{BAAE8857-E246-4FD8-99F7-70E5815FB952}.Release|Any CPU.Build.0 = Release|Any CPU
		{5CEDF491-3EC6-4E65-9484-DD034D7BC9DC}.Debug|Any CPU.ActiveCfg = Debug|Any CPU
		{5CEDF491-3EC6-4E65-9484-DD034D7BC9DC}.Debug|Any CPU.Build.0 = Debug|Any CPU
		{5CEDF491-3EC6-4E65-9484-DD034D7BC9DC}.Release|Any CPU.ActiveCfg = Release|Any CPU
		{5CEDF491-3EC6-4E65-9484-DD034D7BC9DC}.Release|Any CPU.Build.0 = Release|Any CPU
		{6AD21243-7E10-40BA-B1FC-1847182DBF0D}.Debug|Any CPU.ActiveCfg = Debug|Any CPU
		{6AD21243-7E10-40BA-B1FC-1847182DBF0D}.Debug|Any CPU.Build.0 = Debug|Any CPU
		{6AD21243-7E10-40BA-B1FC-1847182DBF0D}.Release|Any CPU.ActiveCfg = Release|Any CPU
		{6AD21243-7E10-40BA-B1FC-1847182DBF0D}.Release|Any CPU.Build.0 = Release|Any CPU
		{62A0A166-1B65-4699-8EE4-8B3ABF55CE06}.Debug|Any CPU.ActiveCfg = Debug|Any CPU
		{62A0A166-1B65-4699-8EE4-8B3ABF55CE06}.Debug|Any CPU.Build.0 = Debug|Any CPU
		{62A0A166-1B65-4699-8EE4-8B3ABF55CE06}.Release|Any CPU.ActiveCfg = Release|Any CPU
		{62A0A166-1B65-4699-8EE4-8B3ABF55CE06}.Release|Any CPU.Build.0 = Release|Any CPU
		{F165640A-7E29-498E-9727-2E7192CA68E0}.Debug|Any CPU.ActiveCfg = Debug|Any CPU
		{F165640A-7E29-498E-9727-2E7192CA68E0}.Debug|Any CPU.Build.0 = Debug|Any CPU
		{F165640A-7E29-498E-9727-2E7192CA68E0}.Release|Any CPU.ActiveCfg = Release|Any CPU
		{F165640A-7E29-498E-9727-2E7192CA68E0}.Release|Any CPU.Build.0 = Release|Any CPU
		{5A5D6955-FA39-425A-949D-6F2447CA626A}.Debug|Any CPU.ActiveCfg = Debug|Any CPU
		{5A5D6955-FA39-425A-949D-6F2447CA626A}.Debug|Any CPU.Build.0 = Debug|Any CPU
		{5A5D6955-FA39-425A-949D-6F2447CA626A}.Release|Any CPU.ActiveCfg = Release|Any CPU
		{5A5D6955-FA39-425A-949D-6F2447CA626A}.Release|Any CPU.Build.0 = Release|Any CPU
		{9AE4A70F-6B21-4268-AAE3-FE50183BA968}.Debug|Any CPU.ActiveCfg = Debug|Any CPU
		{9AE4A70F-6B21-4268-AAE3-FE50183BA968}.Debug|Any CPU.Build.0 = Debug|Any CPU
		{9AE4A70F-6B21-4268-AAE3-FE50183BA968}.Release|Any CPU.ActiveCfg = Release|Any CPU
		{9AE4A70F-6B21-4268-AAE3-FE50183BA968}.Release|Any CPU.Build.0 = Release|Any CPU
		{1EE92CF2-D8CF-434B-BDA0-55BFB00BD338}.Debug|Any CPU.ActiveCfg = Debug|Any CPU
		{1EE92CF2-D8CF-434B-BDA0-55BFB00BD338}.Debug|Any CPU.Build.0 = Debug|Any CPU
		{1EE92CF2-D8CF-434B-BDA0-55BFB00BD338}.Release|Any CPU.ActiveCfg = Release|Any CPU
		{1EE92CF2-D8CF-434B-BDA0-55BFB00BD338}.Release|Any CPU.Build.0 = Release|Any CPU
		{0F6DFAC2-0655-475F-9CB4-9EAFAD6979A8}.Debug|Any CPU.ActiveCfg = Debug|Any CPU
		{0F6DFAC2-0655-475F-9CB4-9EAFAD6979A8}.Debug|Any CPU.Build.0 = Debug|Any CPU
		{0F6DFAC2-0655-475F-9CB4-9EAFAD6979A8}.Release|Any CPU.ActiveCfg = Release|Any CPU
		{0F6DFAC2-0655-475F-9CB4-9EAFAD6979A8}.Release|Any CPU.Build.0 = Release|Any CPU
		{B88C9330-3510-4F64-BB1F-A7E91AB170E4}.Debug|Any CPU.ActiveCfg = Debug|Any CPU
		{B88C9330-3510-4F64-BB1F-A7E91AB170E4}.Debug|Any CPU.Build.0 = Debug|Any CPU
		{B88C9330-3510-4F64-BB1F-A7E91AB170E4}.Release|Any CPU.ActiveCfg = Release|Any CPU
		{B88C9330-3510-4F64-BB1F-A7E91AB170E4}.Release|Any CPU.Build.0 = Release|Any CPU
		{A5C1F190-147A-4601-879B-88BAA2208B33}.Debug|Any CPU.ActiveCfg = Debug|Any CPU
		{A5C1F190-147A-4601-879B-88BAA2208B33}.Debug|Any CPU.Build.0 = Debug|Any CPU
		{A5C1F190-147A-4601-879B-88BAA2208B33}.Release|Any CPU.ActiveCfg = Release|Any CPU
		{A5C1F190-147A-4601-879B-88BAA2208B33}.Release|Any CPU.Build.0 = Release|Any CPU
		{DF4F7F05-91F1-4655-880C-CE531C5401F3}.Debug|Any CPU.ActiveCfg = Debug|Any CPU
		{DF4F7F05-91F1-4655-880C-CE531C5401F3}.Debug|Any CPU.Build.0 = Debug|Any CPU
		{DF4F7F05-91F1-4655-880C-CE531C5401F3}.Release|Any CPU.ActiveCfg = Release|Any CPU
		{DF4F7F05-91F1-4655-880C-CE531C5401F3}.Release|Any CPU.Build.0 = Release|Any CPU
	EndGlobalSection
	GlobalSection(SolutionProperties) = preSolution
		HideSolutionNode = FALSE
	EndGlobalSection
	GlobalSection(NestedProjects) = preSolution
		{E1B2F920-227A-4F6D-938F-C5289601EC3E} = {D8D50500-9364-4D96-83F3-6F9BD0F349A0}
		{1A587AF9-883C-46DB-9AA5-5E86DDC012B7} = {D8D50500-9364-4D96-83F3-6F9BD0F349A0}
		{DEC89590-555B-40F3-B28B-2232B20E5B54} = {D8D50500-9364-4D96-83F3-6F9BD0F349A0}
		{26055711-4B48-4EDE-93C1-689539C0E3AE} = {D8D50500-9364-4D96-83F3-6F9BD0F349A0}
		{B39958A3-98B5-404F-9534-A652B9BF5439} = {D8D50500-9364-4D96-83F3-6F9BD0F349A0}
		{6261B423-F6C6-40A2-BE73-83759BD23019} = {D8D50500-9364-4D96-83F3-6F9BD0F349A0}
		{3A4CD418-86B5-40E6-9DCD-A3B889DD7BA3} = {D8D50500-9364-4D96-83F3-6F9BD0F349A0}
		{37A989FF-58AB-4BA8-BB92-5EF118C1BB8D} = {D8D50500-9364-4D96-83F3-6F9BD0F349A0}
		{BD5F9210-FE1C-4D1E-8423-4A034D99A6E1} = {D8D50500-9364-4D96-83F3-6F9BD0F349A0}
		{40807BFF-92F3-4BFA-828C-8FB6B4B3B153} = {D8D50500-9364-4D96-83F3-6F9BD0F349A0}
		{BAAE8857-E246-4FD8-99F7-70E5815FB952} = {D8D50500-9364-4D96-83F3-6F9BD0F349A0}
		{5CEDF491-3EC6-4E65-9484-DD034D7BC9DC} = {D8D50500-9364-4D96-83F3-6F9BD0F349A0}
		{6AD21243-7E10-40BA-B1FC-1847182DBF0D} = {D8D50500-9364-4D96-83F3-6F9BD0F349A0}
		{62A0A166-1B65-4699-8EE4-8B3ABF55CE06} = {D8D50500-9364-4D96-83F3-6F9BD0F349A0}
		{F165640A-7E29-498E-9727-2E7192CA68E0} = {C3884A6C-C24A-4FA0-AEC4-D08C0342B845}
		{5A5D6955-FA39-425A-949D-6F2447CA626A} = {C3884A6C-C24A-4FA0-AEC4-D08C0342B845}
		{9AE4A70F-6B21-4268-AAE3-FE50183BA968} = {C3884A6C-C24A-4FA0-AEC4-D08C0342B845}
		{1EE92CF2-D8CF-434B-BDA0-55BFB00BD338} = {C3884A6C-C24A-4FA0-AEC4-D08C0342B845}
		{0F6DFAC2-0655-475F-9CB4-9EAFAD6979A8} = {C3884A6C-C24A-4FA0-AEC4-D08C0342B845}
		{B88C9330-3510-4F64-BB1F-A7E91AB170E4} = {C3884A6C-C24A-4FA0-AEC4-D08C0342B845}
		{A5C1F190-147A-4601-879B-88BAA2208B33} = {D8D50500-9364-4D96-83F3-6F9BD0F349A0}
		{DF4F7F05-91F1-4655-880C-CE531C5401F3} = {C3884A6C-C24A-4FA0-AEC4-D08C0342B845}
	EndGlobalSection
	GlobalSection(ExtensibilityGlobals) = postSolution
		SolutionGuid = {24CBD6B4-953E-4382-BCEB-32440FCD6574}
	EndGlobalSection
EndGlobal
